// !$*UTF8*$!
{
	archiveVersion = 1;
	classes = {
	};
	objectVersion = 50;
	objects = {

/* Begin PBXBuildFile section */
		D64CDAA5211A41F900299F55 /* Meal.swift in Sources */ = {isa = PBXBuildFile; fileRef = D64CDAA4211A41F900299F55 /* Meal.swift */; };
		D64CDAA7211A4C9000299F55 /* MealTableViewCell.swift in Sources */ = {isa = PBXBuildFile; fileRef = D64CDAA6211A4C9000299F55 /* MealTableViewCell.swift */; };
		D64CDAA9211A543900299F55 /* MealTableViewController.swift in Sources */ = {isa = PBXBuildFile; fileRef = D64CDAA8211A543900299F55 /* MealTableViewController.swift */; };
		D683A3DC2118D6680046F0AD /* AppDelegate.swift in Sources */ = {isa = PBXBuildFile; fileRef = D683A3DB2118D6680046F0AD /* AppDelegate.swift */; };
		D683A3DE2118D6680046F0AD /* MealViewController.swift in Sources */ = {isa = PBXBuildFile; fileRef = D683A3DD2118D6680046F0AD /* MealViewController.swift */; };
		D683A3E12118D6680046F0AD /* Main.storyboard in Resources */ = {isa = PBXBuildFile; fileRef = D683A3DF2118D6680046F0AD /* Main.storyboard */; };
		D683A3E32118D6690046F0AD /* Assets.xcassets in Resources */ = {isa = PBXBuildFile; fileRef = D683A3E22118D6690046F0AD /* Assets.xcassets */; };
		D683A3E62118D6690046F0AD /* LaunchScreen.storyboard in Resources */ = {isa = PBXBuildFile; fileRef = D683A3E42118D6690046F0AD /* LaunchScreen.storyboard */; };
		D683A3F12118D6690046F0AD /* FoodTrackerTests.swift in Sources */ = {isa = PBXBuildFile; fileRef = D683A3F02118D6690046F0AD /* FoodTrackerTests.swift */; };
		D683A3FC211905D00046F0AD /* RatingControl.swift in Sources */ = {isa = PBXBuildFile; fileRef = D683A3FB211905D00046F0AD /* RatingControl.swift */; };
/* End PBXBuildFile section */

/* Begin PBXContainerItemProxy section */
		D683A3ED2118D6690046F0AD /* PBXContainerItemProxy */ = {
			isa = PBXContainerItemProxy;
			containerPortal = D683A3D02118D6680046F0AD /* Project object */;
			proxyType = 1;
			remoteGlobalIDString = D683A3D72118D6680046F0AD;
			remoteInfo = FoodTracker;
		};
/* End PBXContainerItemProxy section */

/* Begin PBXFileReference section */
		D64CDAA4211A41F900299F55 /* Meal.swift */ = {isa = PBXFileReference; lastKnownFileType = sourcecode.swift; path = Meal.swift; sourceTree = "<group>"; };
		D64CDAA6211A4C9000299F55 /* MealTableViewCell.swift */ = {isa = PBXFileReference; lastKnownFileType = sourcecode.swift; path = MealTableViewCell.swift; sourceTree = "<group>"; };
		D64CDAA8211A543900299F55 /* MealTableViewController.swift */ = {isa = PBXFileReference; lastKnownFileType = sourcecode.swift; path = MealTableViewController.swift; sourceTree = "<group>"; };
		D683A3D82118D6680046F0AD /* FoodTracker.app */ = {isa = PBXFileReference; explicitFileType = wrapper.application; includeInIndex = 0; path = FoodTracker.app; sourceTree = BUILT_PRODUCTS_DIR; };
		D683A3DB2118D6680046F0AD /* AppDelegate.swift */ = {isa = PBXFileReference; lastKnownFileType = sourcecode.swift; path = AppDelegate.swift; sourceTree = "<group>"; };
		D683A3DD2118D6680046F0AD /* MealViewController.swift */ = {isa = PBXFileReference; lastKnownFileType = sourcecode.swift; path = MealViewController.swift; sourceTree = "<group>"; };
		D683A3E02118D6680046F0AD /* Base */ = {isa = PBXFileReference; lastKnownFileType = file.storyboard; name = Base; path = Base.lproj/Main.storyboard; sourceTree = "<group>"; };
		D683A3E22118D6690046F0AD /* Assets.xcassets */ = {isa = PBXFileReference; lastKnownFileType = folder.assetcatalog; path = Assets.xcassets; sourceTree = "<group>"; };
		D683A3E52118D6690046F0AD /* Base */ = {isa = PBXFileReference; lastKnownFileType = file.storyboard; name = Base; path = Base.lproj/LaunchScreen.storyboard; sourceTree = "<group>"; };
		D683A3E72118D6690046F0AD /* Info.plist */ = {isa = PBXFileReference; lastKnownFileType = text.plist.xml; path = Info.plist; sourceTree = "<group>"; };
		D683A3EC2118D6690046F0AD /* FoodTrackerTests.xctest */ = {isa = PBXFileReference; explicitFileType = wrapper.cfbundle; includeInIndex = 0; path = FoodTrackerTests.xctest; sourceTree = BUILT_PRODUCTS_DIR; };
		D683A3F02118D6690046F0AD /* FoodTrackerTests.swift */ = {isa = PBXFileReference; lastKnownFileType = sourcecode.swift; path = FoodTrackerTests.swift; sourceTree = "<group>"; };
		D683A3F22118D6690046F0AD /* Info.plist */ = {isa = PBXFileReference; lastKnownFileType = text.plist.xml; path = Info.plist; sourceTree = "<group>"; };
		D683A3FB211905D00046F0AD /* RatingControl.swift */ = {isa = PBXFileReference; lastKnownFileType = sourcecode.swift; path = RatingControl.swift; sourceTree = "<group>"; };
/* End PBXFileReference section */

/* Begin PBXFrameworksBuildPhase section */
		D683A3D52118D6680046F0AD /* Frameworks */ = {
			isa = PBXFrameworksBuildPhase;
			buildActionMask = 2147483647;
			files = (
			);
			runOnlyForDeploymentPostprocessing = 0;
		};
		D683A3E92118D6690046F0AD /* Frameworks */ = {
			isa = PBXFrameworksBuildPhase;
			buildActionMask = 2147483647;
			files = (
			);
			runOnlyForDeploymentPostprocessing = 0;
		};
/* End PBXFrameworksBuildPhase section */

/* Begin PBXGroup section */
		D683A3CF2118D6680046F0AD = {
			isa = PBXGroup;
			children = (
				D683A3DA2118D6680046F0AD /* FoodTracker */,
				D683A3EF2118D6690046F0AD /* FoodTrackerTests */,
				D683A3D92118D6680046F0AD /* Products */,
			);
			sourceTree = "<group>";
		};
		D683A3D92118D6680046F0AD /* Products */ = {
			isa = PBXGroup;
			children = (
				D683A3D82118D6680046F0AD /* FoodTracker.app */,
				D683A3EC2118D6690046F0AD /* FoodTrackerTests.xctest */,
			);
			name = Products;
			sourceTree = "<group>";
		};
		D683A3DA2118D6680046F0AD /* FoodTracker */ = {
			isa = PBXGroup;
			children = (
				D683A3DB2118D6680046F0AD /* AppDelegate.swift */,
				D683A3DD2118D6680046F0AD /* MealViewController.swift */,
				D683A3DF2118D6680046F0AD /* Main.storyboard */,
				D64CDAA6211A4C9000299F55 /* MealTableViewCell.swift */,
				D683A3FB211905D00046F0AD /* RatingControl.swift */,
				D64CDAA4211A41F900299F55 /* Meal.swift */,
				D64CDAA8211A543900299F55 /* MealTableViewController.swift */,
				D683A3E22118D6690046F0AD /* Assets.xcassets */,
				D683A3E42118D6690046F0AD /* LaunchScreen.storyboard */,
				D683A3E72118D6690046F0AD /* Info.plist */,
			);
			path = FoodTracker;
			sourceTree = "<group>";
		};
		D683A3EF2118D6690046F0AD /* FoodTrackerTests */ = {
			isa = PBXGroup;
			children = (
				D683A3F02118D6690046F0AD /* FoodTrackerTests.swift */,
				D683A3F22118D6690046F0AD /* Info.plist */,
			);
			path = FoodTrackerTests;
			sourceTree = "<group>";
		};
/* End PBXGroup section */

/* Begin PBXNativeTarget section */
		D683A3D72118D6680046F0AD /* FoodTracker */ = {
			isa = PBXNativeTarget;
			buildConfigurationList = D683A3F52118D6690046F0AD /* Build configuration list for PBXNativeTarget "FoodTracker" */;
			buildPhases = (
				D683A3D42118D6680046F0AD /* Sources */,
				D683A3D52118D6680046F0AD /* Frameworks */,
				D683A3D62118D6680046F0AD /* Resources */,
			);
			buildRules = (
			);
			dependencies = (
			);
			name = FoodTracker;
			productName = FoodTracker;
			productReference = D683A3D82118D6680046F0AD /* FoodTracker.app */;
			productType = "com.apple.product-type.application";
		};
		D683A3EB2118D6690046F0AD /* FoodTrackerTests */ = {
			isa = PBXNativeTarget;
			buildConfigurationList = D683A3F82118D6690046F0AD /* Build configuration list for PBXNativeTarget "FoodTrackerTests" */;
			buildPhases = (
				D683A3E82118D6690046F0AD /* Sources */,
				D683A3E92118D6690046F0AD /* Frameworks */,
				D683A3EA2118D6690046F0AD /* Resources */,
			);
			buildRules = (
			);
			dependencies = (
				D683A3EE2118D6690046F0AD /* PBXTargetDependency */,
			);
			name = FoodTrackerTests;
			productName = FoodTrackerTests;
			productReference = D683A3EC2118D6690046F0AD /* FoodTrackerTests.xctest */;
			productType = "com.apple.product-type.bundle.unit-test";
		};
/* End PBXNativeTarget section */

/* Begin PBXProject section */
		D683A3D02118D6680046F0AD /* Project object */ = {
			isa = PBXProject;
			attributes = {
				LastSwiftUpdateCheck = 0940;
				LastUpgradeCheck = 0940;
				ORGANIZATIONNAME = CleverSolve;
				TargetAttributes = {
					D683A3D72118D6680046F0AD = {
						CreatedOnToolsVersion = 9.4.1;
					};
					D683A3EB2118D6690046F0AD = {
						CreatedOnToolsVersion = 9.4.1;
						TestTargetID = D683A3D72118D6680046F0AD;
					};
				};
			};
			buildConfigurationList = D683A3D32118D6680046F0AD /* Build configuration list for PBXProject "FoodTracker" */;
			compatibilityVersion = "Xcode 9.3";
			developmentRegion = en;
			hasScannedForEncodings = 0;
			knownRegions = (
				en,
				Base,
			);
			mainGroup = D683A3CF2118D6680046F0AD;
			productRefGroup = D683A3D92118D6680046F0AD /* Products */;
			projectDirPath = "";
			projectRoot = "";
			targets = (
				D683A3D72118D6680046F0AD /* FoodTracker */,
				D683A3EB2118D6690046F0AD /* FoodTrackerTests */,
			);
		};
/* End PBXProject section */

/* Begin PBXResourcesBuildPhase section */
		D683A3D62118D6680046F0AD /* Resources */ = {
			isa = PBXResourcesBuildPhase;
			buildActionMask = 2147483647;
			files = (
				D683A3E62118D6690046F0AD /* LaunchScreen.storyboard in Resources */,
				D683A3E32118D6690046F0AD /* Assets.xcassets in Resources */,
				D683A3E12118D6680046F0AD /* Main.storyboard in Resources */,
			);
			runOnlyForDeploymentPostprocessing = 0;
		};
		D683A3EA2118D6690046F0AD /* Resources */ = {
			isa = PBXResourcesBuildPhase;
			buildActionMask = 2147483647;
			files = (
			);
			runOnlyForDeploymentPostprocessing = 0;
		};
/* End PBXResourcesBuildPhase section */

/* Begin PBXSourcesBuildPhase section */
		D683A3D42118D6680046F0AD /* Sources */ = {
			isa = PBXSourcesBuildPhase;
			buildActionMask = 2147483647;
			files = (
				D64CDAA5211A41F900299F55 /* Meal.swift in Sources */,
				D683A3DE2118D6680046F0AD /* MealViewController.swift in Sources */,
				D683A3FC211905D00046F0AD /* RatingControl.swift in Sources */,
				D683A3DC2118D6680046F0AD /* AppDelegate.swift in Sources */,
				D64CDAA9211A543900299F55 /* MealTableViewController.swift in Sources */,
				D64CDAA7211A4C9000299F55 /* MealTableViewCell.swift in Sources */,
			);
			runOnlyForDeploymentPostprocessing = 0;
		};
		D683A3E82118D6690046F0AD /* Sources */ = {
			isa = PBXSourcesBuildPhase;
			buildActionMask = 2147483647;
			files = (
				D683A3F12118D6690046F0AD /* FoodTrackerTests.swift in Sources */,
			);
			runOnlyForDeploymentPostprocessing = 0;
		};
/* End PBXSourcesBuildPhase section */

/* Begin PBXTargetDependency section */
		D683A3EE2118D6690046F0AD /* PBXTargetDependency */ = {
			isa = PBXTargetDependency;
			target = D683A3D72118D6680046F0AD /* FoodTracker */;
			targetProxy = D683A3ED2118D6690046F0AD /* PBXContainerItemProxy */;
		};
/* End PBXTargetDependency section */

/* Begin PBXVariantGroup section */
		D683A3DF2118D6680046F0AD /* Main.storyboard */ = {
			isa = PBXVariantGroup;
			children = (
				D683A3E02118D6680046F0AD /* Base */,
			);
			name = Main.storyboard;
			sourceTree = "<group>";
		};
		D683A3E42118D6690046F0AD /* LaunchScreen.storyboard */ = {
			isa = PBXVariantGroup;
			children = (
				D683A3E52118D6690046F0AD /* Base */,
			);
			name = LaunchScreen.storyboard;
			sourceTree = "<group>";
		};
/* End PBXVariantGroup section */

/* Begin XCBuildConfiguration section */
		D683A3F32118D6690046F0AD /* Debug */ = {
			isa = XCBuildConfiguration;
			buildSettings = {
				ALWAYS_SEARCH_USER_PATHS = NO;
				CLANG_ANALYZER_NONNULL = YES;
				CLANG_ANALYZER_NUMBER_OBJECT_CONVERSION = YES_AGGRESSIVE;
				CLANG_CXX_LANGUAGE_STANDARD = "gnu++14";
				CLANG_CXX_LIBRARY = "libc++";
				CLANG_ENABLE_MODULES = YES;
				CLANG_ENABLE_OBJC_ARC = YES;
				CLANG_ENABLE_OBJC_WEAK = YES;
				CLANG_WARN_BLOCK_CAPTURE_AUTORELEASING = YES;
				CLANG_WARN_BOOL_CONVERSION = YES;
				CLANG_WARN_COMMA = YES;
				CLANG_WARN_CONSTANT_CONVERSION = YES;
				CLANG_WARN_DEPRECATED_OBJC_IMPLEMENTATIONS = YES;
				CLANG_WARN_DIRECT_OBJC_ISA_USAGE = YES_ERROR;
				CLANG_WARN_DOCUMENTATION_COMMENTS = YES;
				CLANG_WARN_EMPTY_BODY = YES;
				CLANG_WARN_ENUM_CONVERSION = YES;
				CLANG_WARN_INFINITE_RECURSION = YES;
				CLANG_WARN_INT_CONVERSION = YES;
				CLANG_WARN_NON_LITERAL_NULL_CONVERSION = YES;
				CLANG_WARN_OBJC_IMPLICIT_RETAIN_SELF = YES;
				CLANG_WARN_OBJC_LITERAL_CONVERSION = YES;
				CLANG_WARN_OBJC_ROOT_CLASS = YES_ERROR;
				CLANG_WARN_RANGE_LOOP_ANALYSIS = YES;
				CLANG_WARN_STRICT_PROTOTYPES = YES;
				CLANG_WARN_SUSPICIOUS_MOVE = YES;
				CLANG_WARN_UNGUARDED_AVAILABILITY = YES_AGGRESSIVE;
				CLANG_WARN_UNREACHABLE_CODE = YES;
				CLANG_WARN__DUPLICATE_METHOD_MATCH = YES;
				CODE_SIGN_IDENTITY = "iPhone Developer";
				COPY_PHASE_STRIP = NO;
				DEBUG_INFORMATION_FORMAT = dwarf;
				ENABLE_STRICT_OBJC_MSGSEND = YES;
				ENABLE_TESTABILITY = YES;
				GCC_C_LANGUAGE_STANDARD = gnu11;
				GCC_DYNAMIC_NO_PIC = NO;
				GCC_NO_COMMON_BLOCKS = YES;
				GCC_OPTIMIZATION_LEVEL = 0;
				GCC_PREPROCESSOR_DEFINITIONS = (
					"DEBUG=1",
					"$(inherited)",
				);
				GCC_WARN_64_TO_32_BIT_CONVERSION = YES;
				GCC_WARN_ABOUT_RETURN_TYPE = YES_ERROR;
				GCC_WARN_UNDECLARED_SELECTOR = YES;
				GCC_WARN_UNINITIALIZED_AUTOS = YES_AGGRESSIVE;
				GCC_WARN_UNUSED_FUNCTION = YES;
				GCC_WARN_UNUSED_VARIABLE = YES;
				IPHONEOS_DEPLOYMENT_TARGET = 11.4;
				MTL_ENABLE_DEBUG_INFO = YES;
				ONLY_ACTIVE_ARCH = YES;
				SDKROOT = iphoneos;
				SWIFT_ACTIVE_COMPILATION_CONDITIONS = DEBUG;
				SWIFT_OPTIMIZATION_LEVEL = "-Onone";
			};
			name = Debug;
		};
		D683A3F42118D6690046F0AD /* Release */ = {
			isa = XCBuildConfiguration;
			buildSettings = {
				ALWAYS_SEARCH_USER_PATHS = NO;
				CLANG_ANALYZER_NONNULL = YES;
				CLANG_ANALYZER_NUMBER_OBJECT_CONVERSION = YES_AGGRESSIVE;
				CLANG_CXX_LANGUAGE_STANDARD = "gnu++14";
				CLANG_CXX_LIBRARY = "libc++";
				CLANG_ENABLE_MODULES = YES;
				CLANG_ENABLE_OBJC_ARC = YES;
				CLANG_ENABLE_OBJC_WEAK = YES;
				CLANG_WARN_BLOCK_CAPTURE_AUTORELEASING = YES;
				CLANG_WARN_BOOL_CONVERSION = YES;
				CLANG_WARN_COMMA = YES;
				CLANG_WARN_CONSTANT_CONVERSION = YES;
				CLANG_WARN_DEPRECATED_OBJC_IMPLEMENTATIONS = YES;
				CLANG_WARN_DIRECT_OBJC_ISA_USAGE = YES_ERROR;
				CLANG_WARN_DOCUMENTATION_COMMENTS = YES;
				CLANG_WARN_EMPTY_BODY = YES;
				CLANG_WARN_ENUM_CONVERSION = YES;
				CLANG_WARN_INFINITE_RECURSION = YES;
				CLANG_WARN_INT_CONVERSION = YES;
				CLANG_WARN_NON_LITERAL_NULL_CONVERSION = YES;
				CLANG_WARN_OBJC_IMPLICIT_RETAIN_SELF = YES;
				CLANG_WARN_OBJC_LITERAL_CONVERSION = YES;
				CLANG_WARN_OBJC_ROOT_CLASS = YES_ERROR;
				CLANG_WARN_RANGE_LOOP_ANALYSIS = YES;
				CLANG_WARN_STRICT_PROTOTYPES = YES;
				CLANG_WARN_SUSPICIOUS_MOVE = YES;
				CLANG_WARN_UNGUARDED_AVAILABILITY = YES_AGGRESSIVE;
				CLANG_WARN_UNREACHABLE_CODE = YES;
				CLANG_WARN__DUPLICATE_METHOD_MATCH = YES;
				CODE_SIGN_IDENTITY = "iPhone Developer";
				COPY_PHASE_STRIP = NO;
				DEBUG_INFORMATION_FORMAT = "dwarf-with-dsym";
				ENABLE_NS_ASSERTIONS = NO;
				ENABLE_STRICT_OBJC_MSGSEND = YES;
				GCC_C_LANGUAGE_STANDARD = gnu11;
				GCC_NO_COMMON_BLOCKS = YES;
				GCC_WARN_64_TO_32_BIT_CONVERSION = YES;
				GCC_WARN_ABOUT_RETURN_TYPE = YES_ERROR;
				GCC_WARN_UNDECLARED_SELECTOR = YES;
				GCC_WARN_UNINITIALIZED_AUTOS = YES_AGGRESSIVE;
				GCC_WARN_UNUSED_FUNCTION = YES;
				GCC_WARN_UNUSED_VARIABLE = YES;
				IPHONEOS_DEPLOYMENT_TARGET = 11.4;
				MTL_ENABLE_DEBUG_INFO = NO;
				SDKROOT = iphoneos;
				SWIFT_COMPILATION_MODE = wholemodule;
				SWIFT_OPTIMIZATION_LEVEL = "-O";
				VALIDATE_PRODUCT = YES;
			};
			name = Release;
		};
		D683A3F62118D6690046F0AD /* Debug */ = {
			isa = XCBuildConfiguration;
			buildSettings = {
				ASSETCATALOG_COMPILER_APPICON_NAME = AppIcon;
				CODE_SIGN_STYLE = Automatic;
				INFOPLIST_FILE = FoodTracker/Info.plist;
				LD_RUNPATH_SEARCH_PATHS = (
					"$(inherited)",
					"@executable_path/Frameworks",
				);
				PRODUCT_BUNDLE_IDENTIFIER = com.cleversolve.FoodTracker;
				PRODUCT_NAME = "$(TARGET_NAME)";
				SWIFT_VERSION = 4.0;
				TARGETED_DEVICE_FAMILY = "1,2";
			};
			name = Debug;
		};
		D683A3F72118D6690046F0AD /* Release */ = {
			isa = XCBuildConfiguration;
			buildSettings = {
				ASSETCATALOG_COMPILER_APPICON_NAME = AppIcon;
				CODE_SIGN_STYLE = Automatic;
				INFOPLIST_FILE = FoodTracker/Info.plist;
				LD_RUNPATH_SEARCH_PATHS = (
					"$(inherited)",
					"@executable_path/Frameworks",
				);
				PRODUCT_BUNDLE_IDENTIFIER = com.cleversolve.FoodTracker;
				PRODUCT_NAME = "$(TARGET_NAME)";
				SWIFT_VERSION = 4.0;
				TARGETED_DEVICE_FAMILY = "1,2";
			};
			name = Release;
		};
		D683A3F92118D6690046F0AD /* Debug */ = {
			isa = XCBuildConfiguration;
			buildSettings = {
				ALWAYS_EMBED_SWIFT_STANDARD_LIBRARIES = YES;
				BUNDLE_LOADER = "$(TEST_HOST)";
				CODE_SIGN_STYLE = Automatic;
				INFOPLIST_FILE = FoodTrackerTests/Info.plist;
				LD_RUNPATH_SEARCH_PATHS = (
					"$(inherited)",
					"@executable_path/Frameworks",
					"@loader_path/Frameworks",
				);
				PRODUCT_BUNDLE_IDENTIFIER = com.cleversolve.FoodTrackerTests;
				PRODUCT_NAME = "$(TARGET_NAME)";
				SWIFT_VERSION = 4.0;
				TARGETED_DEVICE_FAMILY = "1,2";
				TEST_HOST = "$(BUILT_PRODUCTS_DIR)/FoodTracker.app/FoodTracker";
			};
			name = Debug;
		};
		D683A3FA2118D6690046F0AD /* Release */ = {
			isa = XCBuildConfiguration;
			buildSettings = {
				ALWAYS_EMBED_SWIFT_STANDARD_LIBRARIES = YES;
				BUNDLE_LOADER = "$(TEST_HOST)";
				CODE_SIGN_STYLE = Automatic;
				INFOPLIST_FILE = FoodTrackerTests/Info.plist;
				LD_RUNPATH_SEARCH_PATHS = (
					"$(inherited)",
					"@executable_path/Frameworks",
					"@loader_path/Frameworks",
				);
				PRODUCT_BUNDLE_IDENTIFIER = com.cleversolve.FoodTrackerTests;
				PRODUCT_NAME = "$(TARGET_NAME)";
				SWIFT_VERSION = 4.0;
				TARGETED_DEVICE_FAMILY = "1,2";
				TEST_HOST = "$(BUILT_PRODUCTS_DIR)/FoodTracker.app/FoodTracker";
			};
			name = Release;
		};
/* End XCBuildConfiguration section */

/* Begin XCConfigurationList section */
		D683A3D32118D6680046F0AD /* Build configuration list for PBXProject "FoodTracker" */ = {
			isa = XCConfigurationList;
			buildConfigurations = (
				D683A3F32118D6690046F0AD /* Debug */,
				D683A3F42118D6690046F0AD /* Release */,
			);
			defaultConfigurationIsVisible = 0;
			defaultConfigurationName = Release;
		};
		D683A3F52118D6690046F0AD /* Build configuration list for PBXNativeTarget "FoodTracker" */ = {
			isa = XCConfigurationList;
			buildConfigurations = (
				D683A3F62118D6690046F0AD /* Debug */,
				D683A3F72118D6690046F0AD /* Release */,
			);
			defaultConfigurationIsVisible = 0;
			defaultConfigurationName = Release;
		};
		D683A3F82118D6690046F0AD /* Build configuration list for PBXNativeTarget "FoodTrackerTests" */ = {
			isa = XCConfigurationList;
			buildConfigurations = (
				D683A3F92118D6690046F0AD /* Debug */,
				D683A3FA2118D6690046F0AD /* Release */,
			);
			defaultConfigurationIsVisible = 0;
			defaultConfigurationName = Release;
		};
/* End XCConfigurationList section */
	};
	rootObject = D683A3D02118D6680046F0AD /* Project object */;
}
